{
  "name": "prism-x-golden-hunter",
  "version": "1.0.0",
  "lockfileVersion": 3,
  "requires": true,
  "packages": {
    "": {
      "name": "prism-x-golden-hunter",
      "version": "1.0.0",
      "dependencies": {
        "node-fetch": "^3.3.2"
      },
      "devDependencies": {
        "node-fetch": "^3.3.2"
      }
    },
    "node_modules/node-fetch": {
      "version": "3.3.2",
      "resolved": "https://registry.npmjs.org/node-fetch/-/node-fetch-3.3.2.tgz",
      "integrity": "sha512-DZopYyEYJwV1c8JPCOOKNTtj2vOwVgVo+jASQvEb/mgW/2fRANG1a3w+nHo1J2Vc9BAfWe2eMfA3zC1lObLaoQ==",
      "engines": {
        "node": ">=18.0.0"
      }
    }
  }
}
